
Microsoft Visual Studio Solution File, Format Version 12.00
# Visual Studio Version 17
VisualStudioVersion = 17.1.32407.343
MinimumVisualStudioVersion = 10.0.40219.1
Project("{FAE04EC0-301F-11D3-BF4B-00C04F79EFBC}") = "FelpBL", "FelpBL\FelpBL.csproj", "{74ED164C-8909-4829-BBB6-4232EE760AA7}"
EndProject
Project("{FAE04EC0-301F-11D3-BF4B-00C04F79EFBC}") = "FelpDL", "FelpDL\FelpDL.csproj", "{5816DD85-5E0A-47B4-A77F-93C861617B08}"
EndProject
Project("{FAE04EC0-301F-11D3-BF4B-00C04F79EFBC}") = "FelpModels", "FelpModels\FelpModels.csproj", "{C59CA89D-F945-4D94-AB2E-0C1A34F2589C}"
EndProject
Project("{FAE04EC0-301F-11D3-BF4B-00C04F79EFBC}") = "FelpUI", "FelpUI\FelpUI.csproj", "{5FC5FB98-F30D-456D-9F65-916B36A58999}"
EndProject
Project("{FAE04EC0-301F-11D3-BF4B-00C04F79EFBC}") = "FelpTest", "FelpText\FelpTest.csproj", "{06F55AD0-88C4-4402-A8AF-2D993D6F5CCE}"
EndProject
Global
	GlobalSection(SolutionConfigurationPlatforms) = preSolution
		Debug|Any CPU = Debug|Any CPU
		Release|Any CPU = Release|Any CPU
	EndGlobalSection
	GlobalSection(ProjectConfigurationPlatforms) = postSolution
		{74ED164C-8909-4829-BBB6-4232EE760AA7}.Debug|Any CPU.ActiveCfg = Debug|Any CPU
		{74ED164C-8909-4829-BBB6-4232EE760AA7}.Debug|Any CPU.Build.0 = Debug|Any CPU
		{74ED164C-8909-4829-BBB6-4232EE760AA7}.Release|Any CPU.ActiveCfg = Release|Any CPU
		{74ED164C-8909-4829-BBB6-4232EE760AA7}.Release|Any CPU.Build.0 = Release|Any CPU
		{5816DD85-5E0A-47B4-A77F-93C861617B08}.Debug|Any CPU.ActiveCfg = Debug|Any CPU
		{5816DD85-5E0A-47B4-A77F-93C861617B08}.Debug|Any CPU.Build.0 = Debug|Any CPU
		{5816DD85-5E0A-47B4-A77F-93C861617B08}.Release|Any CPU.ActiveCfg = Release|Any CPU
		{5816DD85-5E0A-47B4-A77F-93C861617B08}.Release|Any CPU.Build.0 = Release|Any CPU
		{C59CA89D-F945-4D94-AB2E-0C1A34F2589C}.Debug|Any CPU.ActiveCfg = Debug|Any CPU
		{C59CA89D-F945-4D94-AB2E-0C1A34F2589C}.Debug|Any CPU.Build.0 = Debug|Any CPU
		{C59CA89D-F945-4D94-AB2E-0C1A34F2589C}.Release|Any CPU.ActiveCfg = Release|Any CPU
		{C59CA89D-F945-4D94-AB2E-0C1A34F2589C}.Release|Any CPU.Build.0 = Release|Any CPU
		{5FC5FB98-F30D-456D-9F65-916B36A58999}.Debug|Any CPU.ActiveCfg = Debug|Any CPU
		{5FC5FB98-F30D-456D-9F65-916B36A58999}.Debug|Any CPU.Build.0 = Debug|Any CPU
		{5FC5FB98-F30D-456D-9F65-916B36A58999}.Release|Any CPU.ActiveCfg = Release|Any CPU
		{5FC5FB98-F30D-456D-9F65-916B36A58999}.Release|Any CPU.Build.0 = Release|Any CPU
		{06F55AD0-88C4-4402-A8AF-2D993D6F5CCE}.Debug|Any CPU.ActiveCfg = Debug|Any CPU
		{06F55AD0-88C4-4402-A8AF-2D993D6F5CCE}.Debug|Any CPU.Build.0 = Debug|Any CPU
		{06F55AD0-88C4-4402-A8AF-2D993D6F5CCE}.Release|Any CPU.ActiveCfg = Release|Any CPU
		{06F55AD0-88C4-4402-A8AF-2D993D6F5CCE}.Release|Any CPU.Build.0 = Release|Any CPU
	EndGlobalSection
	GlobalSection(SolutionProperties) = preSolution
		HideSolutionNode = FALSE
	EndGlobalSection
	GlobalSection(ExtensibilityGlobals) = postSolution
		SolutionGuid = {5E8C7B98-812D-4E8E-AC2D-7594530D7B7B}
	EndGlobalSection
EndGlobal
