
Microsoft Visual Studio Solution File, Format Version 12.00
# Visual Studio Version 17
VisualStudioVersion = 17.1.32407.343
MinimumVisualStudioVersion = 10.0.40219.1
Project("{9A19103F-16F7-4668-BE54-9A1E7A4F7556}") = "MMPR_Test", "MMPR_Test\MMPR_Test.csproj", "{3C1F19FA-7AEF-49D9-9771-F45FD3856541}"
EndProject
Project("{9A19103F-16F7-4668-BE54-9A1E7A4F7556}") = "MMPR_BL", "MMPR_BL\MMPR_BL.csproj", "{4B58F930-8D5F-43F8-B304-81C8BAF43130}"
EndProject
Project("{9A19103F-16F7-4668-BE54-9A1E7A4F7556}") = "MMPR_DL", "MMPR_DL\MMPR_DL.csproj", "{73E0739E-59EA-4946-B5ED-1145A40EE19E}"
EndProject
Project("{9A19103F-16F7-4668-BE54-9A1E7A4F7556}") = "MMPR_Models", "MMPR_Models\MMPR_Models.csproj", "{44222F5A-479B-4C99-A3F3-E57DFDA72B10}"
EndProject
Project("{FAE04EC0-301F-11D3-BF4B-00C04F79EFBC}") = "MMPR_UI", "MMPR_UI\MMPR_UI.csproj", "{49DE3EF5-26C3-4C5C-BD11-8BADF8868955}"
EndProject
Global
	GlobalSection(SolutionConfigurationPlatforms) = preSolution
		Debug|Any CPU = Debug|Any CPU
		Release|Any CPU = Release|Any CPU
	EndGlobalSection
	GlobalSection(ProjectConfigurationPlatforms) = postSolution
		{3C1F19FA-7AEF-49D9-9771-F45FD3856541}.Debug|Any CPU.ActiveCfg = Debug|Any CPU
		{3C1F19FA-7AEF-49D9-9771-F45FD3856541}.Debug|Any CPU.Build.0 = Debug|Any CPU
		{3C1F19FA-7AEF-49D9-9771-F45FD3856541}.Release|Any CPU.ActiveCfg = Release|Any CPU
		{3C1F19FA-7AEF-49D9-9771-F45FD3856541}.Release|Any CPU.Build.0 = Release|Any CPU
		{4B58F930-8D5F-43F8-B304-81C8BAF43130}.Debug|Any CPU.ActiveCfg = Debug|Any CPU
		{4B58F930-8D5F-43F8-B304-81C8BAF43130}.Debug|Any CPU.Build.0 = Debug|Any CPU
		{4B58F930-8D5F-43F8-B304-81C8BAF43130}.Release|Any CPU.ActiveCfg = Release|Any CPU
		{4B58F930-8D5F-43F8-B304-81C8BAF43130}.Release|Any CPU.Build.0 = Release|Any CPU
		{73E0739E-59EA-4946-B5ED-1145A40EE19E}.Debug|Any CPU.ActiveCfg = Debug|Any CPU
		{73E0739E-59EA-4946-B5ED-1145A40EE19E}.Debug|Any CPU.Build.0 = Debug|Any CPU
		{73E0739E-59EA-4946-B5ED-1145A40EE19E}.Release|Any CPU.ActiveCfg = Release|Any CPU
		{73E0739E-59EA-4946-B5ED-1145A40EE19E}.Release|Any CPU.Build.0 = Release|Any CPU
		{44222F5A-479B-4C99-A3F3-E57DFDA72B10}.Debug|Any CPU.ActiveCfg = Debug|Any CPU
		{44222F5A-479B-4C99-A3F3-E57DFDA72B10}.Debug|Any CPU.Build.0 = Debug|Any CPU
		{44222F5A-479B-4C99-A3F3-E57DFDA72B10}.Release|Any CPU.ActiveCfg = Release|Any CPU
		{44222F5A-479B-4C99-A3F3-E57DFDA72B10}.Release|Any CPU.Build.0 = Release|Any CPU
		{49DE3EF5-26C3-4C5C-BD11-8BADF8868955}.Debug|Any CPU.ActiveCfg = Debug|Any CPU
		{49DE3EF5-26C3-4C5C-BD11-8BADF8868955}.Debug|Any CPU.Build.0 = Debug|Any CPU
		{49DE3EF5-26C3-4C5C-BD11-8BADF8868955}.Release|Any CPU.ActiveCfg = Release|Any CPU
		{49DE3EF5-26C3-4C5C-BD11-8BADF8868955}.Release|Any CPU.Build.0 = Release|Any CPU
	EndGlobalSection
	GlobalSection(SolutionProperties) = preSolution
		HideSolutionNode = FALSE
	EndGlobalSection
	GlobalSection(ExtensibilityGlobals) = postSolution
		SolutionGuid = {A605B602-E3DE-4F4D-8AA8-8E9C1767D43B}
	EndGlobalSection
EndGlobal
